<?xml version="1.0" encoding="utf-8"?>
<Project ToolsVersion="4.0" xmlns="http://schemas.microsoft.com/developer/msbuild/2003">
  <ItemGroup>
    <Filter Include="Source Files"><UniqueIdentifier>{96C6CDB2-03AD-4989-AF0E-A7D9F2AD5E06}</UniqueIdentifier></Filter>
    <Filter Include="Header Files"><UniqueIdentifier>{9B8CB3CD-B449-4559-9D22-E5512713DAD6}</UniqueIdentifier></Filter>
    <Filter Include="Shared"><UniqueIdentifier>{E720A64B-900B-4C3E-B3F8-F7194BE23258}</UniqueIdentifier></Filter>
    <Filter Include="Dependencies"><UniqueIdentifier>{60BB86DF-8BB7-4C72-9DB1-0F31DD4DD37A}</UniqueIdentifier></Filter>
    <Filter Include="Dependencies\MinHook"><UniqueIdentifier>{5143642A-C245-40F6-82A7-56209AC7A95D}</UniqueIdentifier></Filter>
    <Filter Include="Dependencies\MinHook\HDE"><UniqueIdentifier>{DC3D5EBA-E761-4D6D-83E3-06D378A5B7D6}</UniqueIdentifier></Filter>
    <Filter Include="Dependencies\ImGui"><UniqueIdentifier>{6B605873-7E30-4C33-B3D6-A72A8D98448B}</UniqueIdentifier></Filter>
    <Filter Include="Lua Runtime"><UniqueIdentifier>{D1036A1F-C656-41FA-A561-D96A9D87C5EB}</UniqueIdentifier></Filter>
    <Filter Include="Lua Runtime\Core"><UniqueIdentifier>{D15550EC-6C54-4E39-9CC8-C2D8ACFA0C5C}</UniqueIdentifier></Filter>
    <Filter Include="Lua Runtime\Loader"><UniqueIdentifier>{9F88F3C9-1549-4420-B672-F816A10A0CB8}</UniqueIdentifier></Filter>
    <Filter Include="Lua Runtime\Bridge"><UniqueIdentifier>{FC30E5E1-B830-4C04-9D80-E9AC19086344}</UniqueIdentifier></Filter>
    <Filter Include="Lua Runtime\Utilities"><UniqueIdentifier>{24617559-BB69-4C54-AD19-0630570DA321}</UniqueIdentifier></Filter>
    <Filter Include="Resources"><UniqueIdentifier>{D8CA48E1-9533-4FBA-8949-D0EE5112F49A}</UniqueIdentifier></Filter>
  </ItemGroup>
  <ItemGroup>
    <ClCompile Include="embedded_lua_loader.c"><Filter>Lua Runtime\Loader</Filter></ClCompile>
    <ClCompile Include="embedded_lua_runtime.c"><Filter>Lua Runtime\Loader</Filter></ClCompile>
    <ClCompile Include="embedded_lua_selftest.c"><Filter>Lua Runtime\Loader</Filter></ClCompile>
    <ClCompile Include="third_party\mta_lua\lapi.c"><Filter>Lua Runtime\Core</Filter></ClCompile>
    <ClCompile Include="third_party\mta_lua\lcode.c"><Filter>Lua Runtime\Core</Filter></ClCompile>
    <ClCompile Include="third_party\mta_lua\ldebug.c"><Filter>Lua Runtime\Core</Filter></ClCompile>
    <ClCompile Include="third_party\mta_lua\ldo.c"><Filter>Lua Runtime\Core</Filter></ClCompile>
    <ClCompile Include="third_party\mta_lua\lfunc.c"><Filter>Lua Runtime\Core</Filter></ClCompile>
    <ClCompile Include="third_party\mta_lua\lgc.c"><Filter>Lua Runtime\Core</Filter></ClCompile>
    <ClCompile Include="third_party\mta_lua\llex.c"><Filter>Lua Runtime\Core</Filter></ClCompile>
    <ClCompile Include="third_party\mta_lua\lmem.c"><Filter>Lua Runtime\Core</Filter></ClCompile>
    <ClCompile Include="third_party\mta_lua\lobject.c"><Filter>Lua Runtime\Core</Filter></ClCompile>
    <ClCompile Include="third_party\mta_lua\lopcodes.c"><Filter>Lua Runtime\Core</Filter></ClCompile>
    <ClCompile Include="third_party\mta_lua\lparser.c"><Filter>Lua Runtime\Core</Filter></ClCompile>
    <ClCompile Include="third_party\mta_lua\lstate.c"><Filter>Lua Runtime\Core</Filter></ClCompile>
    <ClCompile Include="third_party\mta_lua\lstring.c"><Filter>Lua Runtime\Core</Filter></ClCompile>
    <ClCompile Include="third_party\mta_lua\ltable.c"><Filter>Lua Runtime\Core</Filter></ClCompile>
    <ClCompile Include="third_party\mta_lua\ltm.c"><Filter>Lua Runtime\Core</Filter></ClCompile>
    <ClCompile Include="third_party\mta_lua\lvm.c"><Filter>Lua Runtime\Core</Filter></ClCompile>
    <ClCompile Include="third_party\mta_lua\lzio.c"><Filter>Lua Runtime\Core</Filter></ClCompile>
    <ClCompile Include="forensic_hooks.cpp"><Filter>Source Files</Filter></ClCompile>
    <ClCompile Include="gui.cpp"><Filter>Source Files</Filter></ClCompile>
    <ClCompile Include="dllmain.cpp"><Filter>Source Files</Filter></ClCompile>
    <ClCompile Include="logger.cpp"><Filter>Source Files</Filter></ClCompile>
    <ClCompile Include="lua_args_hook.cpp"><Filter>Lua Runtime\Bridge</Filter></ClCompile>
    <ClCompile Include="lua_bridge.cpp"><Filter>Lua Runtime\Bridge</Filter></ClCompile>
    <ClCompile Include="memory_module_dumper.cpp"><Filter>Source Files</Filter></ClCompile>
    <ClCompile Include="netc_hooks.cpp"><Filter>Source Files</Filter></ClCompile>
    <ClCompile Include="privacy_hooks.cpp"><Filter>Source Files</Filter></ClCompile>
    <ClCompile Include="signature_scanner.cpp"><Filter>Source Files</Filter></ClCompile>
    <ClCompile Include="text_display_hook.cpp"><Filter>Source Files</Filter></ClCompile>
    <ClCompile Include="track_cleaner.cpp"><Filter>Source Files</Filter></ClCompile>
    <ClCompile Include="third_party\imgui\imgui.cpp"><Filter>Dependencies\ImGui</Filter></ClCompile>
    <ClCompile Include="third_party\imgui\imgui_draw.cpp"><Filter>Dependencies\ImGui</Filter></ClCompile>
    <ClCompile Include="third_party\imgui\imgui_tables.cpp"><Filter>Dependencies\ImGui</Filter></ClCompile>
    <ClCompile Include="third_party\imgui\imgui_widgets.cpp"><Filter>Dependencies\ImGui</Filter></ClCompile>
    <ClCompile Include="third_party\imgui\backends\imgui_impl_dx9.cpp"><Filter>Dependencies\ImGui</Filter></ClCompile>
    <ClCompile Include="third_party\imgui\backends\imgui_impl_win32.cpp"><Filter>Dependencies\ImGui</Filter></ClCompile>
    <ClCompile Include="third_party\ImGuiColorTextEdit\TextEditor.cpp"><Filter>Dependencies\ImGui</Filter></ClCompile>
    <ClCompile Include="..\Agent\third_party\minhook\buffer.c"><Filter>Dependencies\MinHook</Filter></ClCompile>
    <ClCompile Include="..\Agent\third_party\minhook\hook.c"><Filter>Dependencies\MinHook</Filter></ClCompile>
    <ClCompile Include="..\Agent\third_party\minhook\trampoline.c"><Filter>Dependencies\MinHook</Filter></ClCompile>
    <ClCompile Include="..\Agent\third_party\minhook\hde\hde32.c"><Filter>Dependencies\MinHook\HDE</Filter></ClCompile>
  </ItemGroup>
  <ItemGroup>
    <ClInclude Include="embedded_lua_loader.h"><Filter>Lua Runtime\Loader</Filter></ClInclude>
    <ClInclude Include="embedded_lua_runtime.h"><Filter>Lua Runtime\Loader</Filter></ClInclude>
    <ClInclude Include="third_party\mta_lua\lapi.h"><Filter>Lua Runtime\Core</Filter></ClInclude>
    <ClInclude Include="third_party\mta_lua\lauxlib.h"><Filter>Lua Runtime\Core</Filter></ClInclude>
    <ClInclude Include="third_party\mta_lua\lcode.h"><Filter>Lua Runtime\Core</Filter></ClInclude>
    <ClInclude Include="third_party\mta_lua\ldebug.h"><Filter>Lua Runtime\Core</Filter></ClInclude>
    <ClInclude Include="third_party\mta_lua\ldo.h"><Filter>Lua Runtime\Core</Filter></ClInclude>
    <ClInclude Include="third_party\mta_lua\lfunc.h"><Filter>Lua Runtime\Core</Filter></ClInclude>
    <ClInclude Include="third_party\mta_lua\lgc.h"><Filter>Lua Runtime\Core</Filter></ClInclude>
    <ClInclude Include="third_party\mta_lua\llex.h"><Filter>Lua Runtime\Core</Filter></ClInclude>
    <ClInclude Include="third_party\mta_lua\llimits.h"><Filter>Lua Runtime\Core</Filter></ClInclude>
    <ClInclude Include="third_party\mta_lua\lmem.h"><Filter>Lua Runtime\Core</Filter></ClInclude>
    <ClInclude Include="third_party\mta_lua\lobject.h"><Filter>Lua Runtime\Core</Filter></ClInclude>
    <ClInclude Include="third_party\mta_lua\lopcodes.h"><Filter>Lua Runtime\Core</Filter></ClInclude>
    <ClInclude Include="third_party\mta_lua\lparser.h"><Filter>Lua Runtime\Core</Filter></ClInclude>
    <ClInclude Include="third_party\mta_lua\lstate.h"><Filter>Lua Runtime\Core</Filter></ClInclude>
    <ClInclude Include="third_party\mta_lua\lstring.h"><Filter>Lua Runtime\Core</Filter></ClInclude>
    <ClInclude Include="third_party\mta_lua\ltable.h"><Filter>Lua Runtime\Core</Filter></ClInclude>
    <ClInclude Include="third_party\mta_lua\ltm.h"><Filter>Lua Runtime\Core</Filter></ClInclude>
    <ClInclude Include="third_party\mta_lua\lua.h"><Filter>Lua Runtime\Core</Filter></ClInclude>
    <ClInclude Include="third_party\mta_lua\luaconf.h"><Filter>Lua Runtime\Core</Filter></ClInclude>
    <ClInclude Include="third_party\mta_lua\lualib.h"><Filter>Lua Runtime\Core</Filter></ClInclude>
    <ClInclude Include="third_party\mta_lua\lundump.h"><Filter>Lua Runtime\Core</Filter></ClInclude>
    <ClInclude Include="third_party\mta_lua\lvm.h"><Filter>Lua Runtime\Core</Filter></ClInclude>
    <ClInclude Include="third_party\mta_lua\lzio.h"><Filter>Lua Runtime\Core</Filter></ClInclude>
    <ClInclude Include="third_party\mta_lua\unidata.h"><Filter>Lua Runtime\Core</Filter></ClInclude>
    <ClInclude Include="lua_bridge_bootstrap.h"><Filter>Lua Runtime\Bridge</Filter></ClInclude>
    <ClInclude Include="lua_bridge_signatures.h"><Filter>Lua Runtime\Bridge</Filter></ClInclude>
    <ClInclude Include="lua_bridge_utils.h"><Filter>Lua Runtime\Utilities</Filter></ClInclude>
    <ClInclude Include="memory_utils.h"><Filter>Lua Runtime\Utilities</Filter></ClInclude>
    <ClInclude Include="forensic_hooks.h"><Filter>Header Files</Filter></ClInclude>
    <ClInclude Include="gui.h"><Filter>Header Files</Filter></ClInclude>
    <ClInclude Include="logger.h"><Filter>Header Files</Filter></ClInclude>
    <ClInclude Include="lua_args_hook.h"><Filter>Lua Runtime\Bridge</Filter></ClInclude>
    <ClInclude Include="lua_bridge.h"><Filter>Lua Runtime\Bridge</Filter></ClInclude>
    <ClInclude Include="hook_utils.h"><Filter>Header Files</Filter></ClInclude>
    <ClInclude Include="module_utils.h"><Filter>Header Files</Filter></ClInclude>
    <ClInclude Include="memory_module_dumper.h"><Filter>Header Files</Filter></ClInclude>
    <ClInclude Include="netc_hooks.h"><Filter>Header Files</Filter></ClInclude>
    <ClInclude Include="netc_signatures.h"><Filter>Header Files</Filter></ClInclude>
    <ClInclude Include="privacy_hooks.h"><Filter>Header Files</Filter></ClInclude>
    <ClInclude Include="signature_scanner.h"><Filter>Header Files</Filter></ClInclude>
    <ClInclude Include="text_display_hook.h"><Filter>Header Files</Filter></ClInclude>
    <ClInclude Include="track_cleaner.h"><Filter>Header Files</Filter></ClInclude>
    <ClInclude Include="netc_bitstream.h"><Filter>Header Files</Filter></ClInclude>
    <ClInclude Include="resource.h"><Filter>Header Files</Filter></ClInclude>
    <ClInclude Include="third_party\imgui\imgui.h"><Filter>Dependencies\ImGui</Filter></ClInclude>
    <ClInclude Include="third_party\imgui\imconfig.h"><Filter>Dependencies\ImGui</Filter></ClInclude>
    <ClInclude Include="third_party\imgui\backends\imgui_impl_dx9.h"><Filter>Dependencies\ImGui</Filter></ClInclude>
    <ClInclude Include="third_party\imgui\backends\imgui_impl_win32.h"><Filter>Dependencies\ImGui</Filter></ClInclude>
    <ClInclude Include="third_party\ImGuiColorTextEdit\TextEditor.h"><Filter>Dependencies\ImGui</Filter></ClInclude>
    <ClInclude Include="..\Shared\bootstrap_protocol.h"><Filter>Shared</Filter></ClInclude>
    <ClInclude Include="..\Shared\crash_handler.h"><Filter>Shared</Filter></ClInclude>
    <ClInclude Include="..\Shared\environment.h"><Filter>Shared</Filter></ClInclude>
    <ClInclude Include="..\Shared\runtime_log.h"><Filter>Shared</Filter></ClInclude>
    <ClInclude Include="..\Agent\third_party\minhook\MinHook.h"><Filter>Dependencies\MinHook</Filter></ClInclude>
    <ClInclude Include="..\Agent\third_party\minhook\buffer.h"><Filter>Dependencies\MinHook</Filter></ClInclude>
    <ClInclude Include="..\Agent\third_party\minhook\trampoline.h"><Filter>Dependencies\MinHook</Filter></ClInclude>
    <ClInclude Include="..\Agent\third_party\minhook\hde\hde32.h"><Filter>Dependencies\MinHook\HDE</Filter></ClInclude>
    <ClInclude Include="..\Agent\third_party\minhook\hde\pstdint.h"><Filter>Dependencies\MinHook\HDE</Filter></ClInclude>
    <ClInclude Include="..\Agent\third_party\minhook\hde\table32.h"><Filter>Dependencies\MinHook\HDE</Filter></ClInclude>
  </ItemGroup>
  <ItemGroup>
    <ResourceCompile Include="DarkFlameClient.rc"><Filter>Resources</Filter></ResourceCompile>
  </ItemGroup>
</Project>
